# This file is automatically @generated by Cargo.
# It is not intended for manual editing.
version = 3

[[package]]
name = "apple-cf"
version = "0.5.0"
source = "registry+https://github.com/rust-lang/crates.io-index"
checksum = "f18f9f1747c86d067ade130403a7bfc1ba3609de64d4b69ea0ac3296f3052d08"

[[package]]
name = "apple-cf"
version = "0.8.0"
source = "registry+https://github.com/rust-lang/crates.io-index"
checksum = "d110ec64ba49edcbc97fb77907ae336be72f6a89e0e1ca6be155f6e9b146e204"
dependencies = [
 "doom-fish-utils",
]

[[package]]
name = "apple-metal"
version = "0.5.1"
source = "registry+https://github.com/rust-lang/crates.io-index"
checksum = "a64eafb592a3b7f6d0cd2f2073a4510703d8e9b776ab44e388f6e22d296a9dd1"
dependencies = [
 "apple-cf 0.5.0",
 "libc",
]

[[package]]
name = "coreanimation-rs"
version = "0.5.1"
dependencies = [
 "apple-cf 0.8.0",
 "apple-metal",
 "libc",
]

[[package]]
name = "doom-fish-utils"
version = "0.1.1"
source = "registry+https://github.com/rust-lang/crates.io-index"
checksum = "c64a66e1fdd09573daeb89569701e8c3eab595cf3e2be0752ec6303e36689242"

[[package]]
name = "libc"
version = "0.2.186"
source = "registry+https://github.com/rust-lang/crates.io-index"
checksum = "68ab91017fe16c622486840e4c83c9a37afeff978bd239b5293d61ece587de66"
